{
  "nodes": {
    "nixpkgs": {
      "locked": {
        "lastModified": 1730577057,
        "narHash": "sha256-iBvoHmq02wHHYkC4XaFT4nN3hm1teIz46tB8tKlQXyY=",
        "owner": "nixos",
        "repo": "nixpkgs",
        "rev": "d44e0fc01e695fd371c882acf9a35f593df43c68",
        "type": "github"
      },
      "original": {
        "owner": "nixos",
        "repo": "nixpkgs",
        "type": "github"
      }
    },
    "root": {
      "inputs": {
        "nixpkgs": "nixpkgs"
      }
    }
  },
  "root": "root",
  "version": 7
}
